
Microsoft Visual Studio Solution File, Format Version 12.00
# Visual Studio Version 17
VisualStudioVersion = 17.10.35004.147
MinimumVisualStudioVersion = 10.0.40219.1
Project("{FAE04EC0-301F-11D3-BF4B-00C04F79EFBC}") = "hw_23_01_2025__", "hw_23_01_2025__\hw_23_01_2025__.csproj", "{9E38C3FB-B171-4C10-80E0-E924A4903111}"
EndProject
Global
	GlobalSection(SolutionConfigurationPlatforms) = preSolution
		Debug|Any CPU = Debug|Any CPU
		Release|Any CPU = Release|Any CPU
	EndGlobalSection
	GlobalSection(ProjectConfigurationPlatforms) = postSolution
		{9E38C3FB-B171-4C10-80E0-E924A4903111}.Debug|Any CPU.ActiveCfg = Debug|Any CPU
		{9E38C3FB-B171-4C10-80E0-E924A4903111}.Debug|Any CPU.Build.0 = Debug|Any CPU
		{9E38C3FB-B171-4C10-80E0-E924A4903111}.Release|Any CPU.ActiveCfg = Release|Any CPU
		{9E38C3FB-B171-4C10-80E0-E924A4903111}.Release|Any CPU.Build.0 = Release|Any CPU
	EndGlobalSection
	GlobalSection(SolutionProperties) = preSolution
		HideSolutionNode = FALSE
	EndGlobalSection
	GlobalSection(ExtensibilityGlobals) = postSolution
		SolutionGuid = {7096CD97-FCA3-449F-A3D2-54287AF2FC55}
	EndGlobalSection
EndGlobal
