
Microsoft Visual Studio Solution File, Format Version 12.00
# Visual Studio Version 17
VisualStudioVersion = 17.10.35004.147
MinimumVisualStudioVersion = 10.0.40219.1
Project("{FAE04EC0-301F-11D3-BF4B-00C04F79EFBC}") = "hw_14_01_2025", "hw_14_01_2025\hw_14_01_2025.csproj", "{CD05D09D-D8CD-48C4-86D6-E04D79209916}"
EndProject
Global
	GlobalSection(SolutionConfigurationPlatforms) = preSolution
		Debug|Any CPU = Debug|Any CPU
		Release|Any CPU = Release|Any CPU
	EndGlobalSection
	GlobalSection(ProjectConfigurationPlatforms) = postSolution
		{CD05D09D-D8CD-48C4-86D6-E04D79209916}.Debug|Any CPU.ActiveCfg = Debug|Any CPU
		{CD05D09D-D8CD-48C4-86D6-E04D79209916}.Debug|Any CPU.Build.0 = Debug|Any CPU
		{CD05D09D-D8CD-48C4-86D6-E04D79209916}.Release|Any CPU.ActiveCfg = Release|Any CPU
		{CD05D09D-D8CD-48C4-86D6-E04D79209916}.Release|Any CPU.Build.0 = Release|Any CPU
	EndGlobalSection
	GlobalSection(SolutionProperties) = preSolution
		HideSolutionNode = FALSE
	EndGlobalSection
	GlobalSection(ExtensibilityGlobals) = postSolution
		SolutionGuid = {BE333DD7-B879-41BD-AD53-24C50523BC92}
	EndGlobalSection
EndGlobal
